# THIS IS AN AUTOGENERATED FILE. DO NOT EDIT THIS FILE DIRECTLY.
# yarn lockfile v1


react-animated-cursor@^2.11.2:
  version "2.11.2"
  resolved "https://registry.yarnpkg.com/react-animated-cursor/-/react-animated-cursor-2.11.2.tgz#c87ee77ecea22cc6c234918375ace6bceca6b3c7"
  integrity sha512-LV0PtST61tdeW/chCqFt1JLp6i0d5fD9v2uradBcPAkKKCi2Iw7sAcD11ADS1TjXPPj9MOoD9YubEt++/IbZ+g==
